// !$*UTF8*$!
{
	archiveVersion = 1;
	classes = {
	};
	objectVersion = 46;
	objects = {

/* Begin PBXBuildFile section */
		E8A3EA63DC14E3AC17B65DA2 /* Pods_Social_Network_Firebase.framework in Frameworks */ = {isa = PBXBuildFile; fileRef = DB62E4CD085197C122222C37 /* Pods_Social_Network_Firebase.framework */; };
		F795F0E81E25C167005DD0FF /* AppDelegate.swift in Sources */ = {isa = PBXBuildFile; fileRef = F795F0E71E25C167005DD0FF /* AppDelegate.swift */; };
		F795F0EA1E25C167005DD0FF /* SignInVC.swift in Sources */ = {isa = PBXBuildFile; fileRef = F795F0E91E25C167005DD0FF /* SignInVC.swift */; };
		F795F0ED1E25C167005DD0FF /* Main.storyboard in Resources */ = {isa = PBXBuildFile; fileRef = F795F0EB1E25C167005DD0FF /* Main.storyboard */; };
		F795F0EF1E25C167005DD0FF /* Assets.xcassets in Resources */ = {isa = PBXBuildFile; fileRef = F795F0EE1E25C167005DD0FF /* Assets.xcassets */; };
		F795F0F21E25C167005DD0FF /* LaunchScreen.storyboard in Resources */ = {isa = PBXBuildFile; fileRef = F795F0F01E25C167005DD0FF /* LaunchScreen.storyboard */; };
		F795F0FA1E25C18C005DD0FF /* GoogleService-Info.plist in Resources */ = {isa = PBXBuildFile; fileRef = F795F0F91E25C18C005DD0FF /* GoogleService-Info.plist */; };
		F795F0FF1E266F21005DD0FF /* FancyView.swift in Sources */ = {isa = PBXBuildFile; fileRef = F795F0FE1E266F21005DD0FF /* FancyView.swift */; };
		F795F1021E2672F8005DD0FF /* Constants.swift in Sources */ = {isa = PBXBuildFile; fileRef = F795F1011E2672F8005DD0FF /* Constants.swift */; };
		F795F1041E2674E5005DD0FF /* RoundButton.swift in Sources */ = {isa = PBXBuildFile; fileRef = F795F1031E2674E5005DD0FF /* RoundButton.swift */; };
		F795F1061E2676D0005DD0FF /* FancyField.swift in Sources */ = {isa = PBXBuildFile; fileRef = F795F1051E2676D0005DD0FF /* FancyField.swift */; };
		F795F1081E267B83005DD0FF /* SigninButton.swift in Sources */ = {isa = PBXBuildFile; fileRef = F795F1071E267B83005DD0FF /* SigninButton.swift */; };
		F7F19ABB1E27CD06006EB3B9 /* FeedVC.swift in Sources */ = {isa = PBXBuildFile; fileRef = F7F19ABA1E27CD06006EB3B9 /* FeedVC.swift */; };
		F7F19ABD1E27EDA1006EB3B9 /* CircleImageView.swift in Sources */ = {isa = PBXBuildFile; fileRef = F7F19ABC1E27EDA1006EB3B9 /* CircleImageView.swift */; };
/* End PBXBuildFile section */

/* Begin PBXFileReference section */
		23500B434BFA862BB3B6032F /* Pods-Social_Network_Firebase.release.xcconfig */ = {isa = PBXFileReference; includeInIndex = 1; lastKnownFileType = text.xcconfig; name = "Pods-Social_Network_Firebase.release.xcconfig"; path = "Pods/Target Support Files/Pods-Social_Network_Firebase/Pods-Social_Network_Firebase.release.xcconfig"; sourceTree = "<group>"; };
		3634BFB388F610262CE2023E /* Pods-Social_Network_Firebase.debug.xcconfig */ = {isa = PBXFileReference; includeInIndex = 1; lastKnownFileType = text.xcconfig; name = "Pods-Social_Network_Firebase.debug.xcconfig"; path = "Pods/Target Support Files/Pods-Social_Network_Firebase/Pods-Social_Network_Firebase.debug.xcconfig"; sourceTree = "<group>"; };
		DB62E4CD085197C122222C37 /* Pods_Social_Network_Firebase.framework */ = {isa = PBXFileReference; explicitFileType = wrapper.framework; includeInIndex = 0; path = Pods_Social_Network_Firebase.framework; sourceTree = BUILT_PRODUCTS_DIR; };
		F795F0E41E25C167005DD0FF /* Social_Network_Firebase.app */ = {isa = PBXFileReference; explicitFileType = wrapper.application; includeInIndex = 0; path = Social_Network_Firebase.app; sourceTree = BUILT_PRODUCTS_DIR; };
		F795F0E71E25C167005DD0FF /* AppDelegate.swift */ = {isa = PBXFileReference; lastKnownFileType = sourcecode.swift; path = AppDelegate.swift; sourceTree = "<group>"; };
		F795F0E91E25C167005DD0FF /* SignInVC.swift */ = {isa = PBXFileReference; lastKnownFileType = sourcecode.swift; path = SignInVC.swift; sourceTree = "<group>"; };
		F795F0EC1E25C167005DD0FF /* Base */ = {isa = PBXFileReference; lastKnownFileType = file.storyboard; name = Base; path = Base.lproj/Main.storyboard; sourceTree = "<group>"; };
		F795F0EE1E25C167005DD0FF /* Assets.xcassets */ = {isa = PBXFileReference; lastKnownFileType = folder.assetcatalog; path = Assets.xcassets; sourceTree = "<group>"; };
		F795F0F11E25C167005DD0FF /* Base */ = {isa = PBXFileReference; lastKnownFileType = file.storyboard; name = Base; path = Base.lproj/LaunchScreen.storyboard; sourceTree = "<group>"; };
		F795F0F31E25C167005DD0FF /* Info.plist */ = {isa = PBXFileReference; lastKnownFileType = text.plist.xml; path = Info.plist; sourceTree = "<group>"; };
		F795F0F91E25C18C005DD0FF /* GoogleService-Info.plist */ = {isa = PBXFileReference; fileEncoding = 4; lastKnownFileType = text.plist.xml; path = "GoogleService-Info.plist"; sourceTree = "<group>"; };
		F795F0FE1E266F21005DD0FF /* FancyView.swift */ = {isa = PBXFileReference; fileEncoding = 4; lastKnownFileType = sourcecode.swift; path = FancyView.swift; sourceTree = "<group>"; };
		F795F1011E2672F8005DD0FF /* Constants.swift */ = {isa = PBXFileReference; fileEncoding = 4; lastKnownFileType = sourcecode.swift; path = Constants.swift; sourceTree = "<group>"; };
		F795F1031E2674E5005DD0FF /* RoundButton.swift */ = {isa = PBXFileReference; fileEncoding = 4; lastKnownFileType = sourcecode.swift; path = RoundButton.swift; sourceTree = "<group>"; };
		F795F1051E2676D0005DD0FF /* FancyField.swift */ = {isa = PBXFileReference; fileEncoding = 4; lastKnownFileType = sourcecode.swift; path = FancyField.swift; sourceTree = "<group>"; };
		F795F1071E267B83005DD0FF /* SigninButton.swift */ = {isa = PBXFileReference; fileEncoding = 4; lastKnownFileType = sourcecode.swift; path = SigninButton.swift; sourceTree = "<group>"; };
		F7F19ABA1E27CD06006EB3B9 /* FeedVC.swift */ = {isa = PBXFileReference; fileEncoding = 4; lastKnownFileType = sourcecode.swift; path = FeedVC.swift; sourceTree = "<group>"; };
		F7F19ABC1E27EDA1006EB3B9 /* CircleImageView.swift */ = {isa = PBXFileReference; fileEncoding = 4; lastKnownFileType = sourcecode.swift; path = CircleImageView.swift; sourceTree = "<group>"; };
/* End PBXFileReference section */

/* Begin PBXFrameworksBuildPhase section */
		F795F0E11E25C167005DD0FF /* Frameworks */ = {
			isa = PBXFrameworksBuildPhase;
			buildActionMask = 2147483647;
			files = (
				E8A3EA63DC14E3AC17B65DA2 /* Pods_Social_Network_Firebase.framework in Frameworks */,
			);
			runOnlyForDeploymentPostprocessing = 0;
		};
/* End PBXFrameworksBuildPhase section */

/* Begin PBXGroup section */
		3B382C79F61F5721E073BE47 /* Frameworks */ = {
			isa = PBXGroup;
			children = (
				DB62E4CD085197C122222C37 /* Pods_Social_Network_Firebase.framework */,
			);
			name = Frameworks;
			sourceTree = "<group>";
		};
		5647FFDDE64311253F047DA9 /* Pods */ = {
			isa = PBXGroup;
			children = (
				3634BFB388F610262CE2023E /* Pods-Social_Network_Firebase.debug.xcconfig */,
				23500B434BFA862BB3B6032F /* Pods-Social_Network_Firebase.release.xcconfig */,
			);
			name = Pods;
			sourceTree = "<group>";
		};
		F795F0DB1E25C167005DD0FF = {
			isa = PBXGroup;
			children = (
				F795F0E61E25C167005DD0FF /* Social_Network_Firebase */,
				F795F0E51E25C167005DD0FF /* Products */,
				5647FFDDE64311253F047DA9 /* Pods */,
				3B382C79F61F5721E073BE47 /* Frameworks */,
			);
			sourceTree = "<group>";
		};
		F795F0E51E25C167005DD0FF /* Products */ = {
			isa = PBXGroup;
			children = (
				F795F0E41E25C167005DD0FF /* Social_Network_Firebase.app */,
			);
			name = Products;
			sourceTree = "<group>";
		};
		F795F0E61E25C167005DD0FF /* Social_Network_Firebase */ = {
			isa = PBXGroup;
			children = (
				F795F1001E2672EA005DD0FF /* Utility */,
				F795F0FD1E25C8A1005DD0FF /* Model */,
				F795F0FC1E25C89D005DD0FF /* View */,
				F795F0FB1E25C897005DD0FF /* Controller */,
				F795F0E71E25C167005DD0FF /* AppDelegate.swift */,
				F795F0EB1E25C167005DD0FF /* Main.storyboard */,
				F795F0EE1E25C167005DD0FF /* Assets.xcassets */,
				F795F0F01E25C167005DD0FF /* LaunchScreen.storyboard */,
				F795F0F31E25C167005DD0FF /* Info.plist */,
				F795F0F91E25C18C005DD0FF /* GoogleService-Info.plist */,
			);
			path = Social_Network_Firebase;
			sourceTree = "<group>";
		};
		F795F0FB1E25C897005DD0FF /* Controller */ = {
			isa = PBXGroup;
			children = (
				F795F0E91E25C167005DD0FF /* SignInVC.swift */,
				F7F19ABA1E27CD06006EB3B9 /* FeedVC.swift */,
			);
			name = Controller;
			sourceTree = "<group>";
		};
		F795F0FC1E25C89D005DD0FF /* View */ = {
			isa = PBXGroup;
			children = (
				F795F0FE1E266F21005DD0FF /* FancyView.swift */,
				F795F1031E2674E5005DD0FF /* RoundButton.swift */,
				F795F1051E2676D0005DD0FF /* FancyField.swift */,
				F795F1071E267B83005DD0FF /* SigninButton.swift */,
				F7F19ABC1E27EDA1006EB3B9 /* CircleImageView.swift */,
			);
			name = View;
			sourceTree = "<group>";
		};
		F795F0FD1E25C8A1005DD0FF /* Model */ = {
			isa = PBXGroup;
			children = (
			);
			name = Model;
			sourceTree = "<group>";
		};
		F795F1001E2672EA005DD0FF /* Utility */ = {
			isa = PBXGroup;
			children = (
				F795F1011E2672F8005DD0FF /* Constants.swift */,
			);
			name = Utility;
			sourceTree = "<group>";
		};
/* End PBXGroup section */

/* Begin PBXNativeTarget section */
		F795F0E31E25C167005DD0FF /* Social_Network_Firebase */ = {
			isa = PBXNativeTarget;
			buildConfigurationList = F795F0F61E25C167005DD0FF /* Build configuration list for PBXNativeTarget "Social_Network_Firebase" */;
			buildPhases = (
				B216F9D3DE97DF6B15C34D51 /* [CP] Check Pods Manifest.lock */,
				F795F0E01E25C167005DD0FF /* Sources */,
				F795F0E11E25C167005DD0FF /* Frameworks */,
				F795F0E21E25C167005DD0FF /* Resources */,
				5F8A8BD899421C2B3C5A8420 /* [CP] Embed Pods Frameworks */,
				0975CB8FA5E45EB7778F61F4 /* [CP] Copy Pods Resources */,
			);
			buildRules = (
			);
			dependencies = (
			);
			name = Social_Network_Firebase;
			productName = Social_Network_Firebase;
			productReference = F795F0E41E25C167005DD0FF /* Social_Network_Firebase.app */;
			productType = "com.apple.product-type.application";
		};
/* End PBXNativeTarget section */

/* Begin PBXProject section */
		F795F0DC1E25C167005DD0FF /* Project object */ = {
			isa = PBXProject;
			attributes = {
				LastSwiftUpdateCheck = 0820;
				LastUpgradeCheck = 0820;
				ORGANIZATIONNAME = "Xiaoheng Pan";
				TargetAttributes = {
					F795F0E31E25C167005DD0FF = {
						CreatedOnToolsVersion = 8.2.1;
						DevelopmentTeam = 45E7KT68K8;
						ProvisioningStyle = Automatic;
					};
				};
			};
			buildConfigurationList = F795F0DF1E25C167005DD0FF /* Build configuration list for PBXProject "Social_Network_Firebase" */;
			compatibilityVersion = "Xcode 3.2";
			developmentRegion = English;
			hasScannedForEncodings = 0;
			knownRegions = (
				en,
				Base,
			);
			mainGroup = F795F0DB1E25C167005DD0FF;
			productRefGroup = F795F0E51E25C167005DD0FF /* Products */;
			projectDirPath = "";
			projectRoot = "";
			targets = (
				F795F0E31E25C167005DD0FF /* Social_Network_Firebase */,
			);
		};
/* End PBXProject section */

/* Begin PBXResourcesBuildPhase section */
		F795F0E21E25C167005DD0FF /* Resources */ = {
			isa = PBXResourcesBuildPhase;
			buildActionMask = 2147483647;
			files = (
				F795F0F21E25C167005DD0FF /* LaunchScreen.storyboard in Resources */,
				F795F0FA1E25C18C005DD0FF /* GoogleService-Info.plist in Resources */,
				F795F0EF1E25C167005DD0FF /* Assets.xcassets in Resources */,
				F795F0ED1E25C167005DD0FF /* Main.storyboard in Resources */,
			);
			runOnlyForDeploymentPostprocessing = 0;
		};
/* End PBXResourcesBuildPhase section */

/* Begin PBXShellScriptBuildPhase section */
		0975CB8FA5E45EB7778F61F4 /* [CP] Copy Pods Resources */ = {
			isa = PBXShellScriptBuildPhase;
			buildActionMask = 2147483647;
			files = (
			);
			inputPaths = (
			);
			name = "[CP] Copy Pods Resources";
			outputPaths = (
			);
			runOnlyForDeploymentPostprocessing = 0;
			shellPath = /bin/sh;
			shellScript = "\"${SRCROOT}/Pods/Target Support Files/Pods-Social_Network_Firebase/Pods-Social_Network_Firebase-resources.sh\"\n";
			showEnvVarsInLog = 0;
		};
		5F8A8BD899421C2B3C5A8420 /* [CP] Embed Pods Frameworks */ = {
			isa = PBXShellScriptBuildPhase;
			buildActionMask = 2147483647;
			files = (
			);
			inputPaths = (
			);
			name = "[CP] Embed Pods Frameworks";
			outputPaths = (
			);
			runOnlyForDeploymentPostprocessing = 0;
			shellPath = /bin/sh;
			shellScript = "\"${SRCROOT}/Pods/Target Support Files/Pods-Social_Network_Firebase/Pods-Social_Network_Firebase-frameworks.sh\"\n";
			showEnvVarsInLog = 0;
		};
		B216F9D3DE97DF6B15C34D51 /* [CP] Check Pods Manifest.lock */ = {
			isa = PBXShellScriptBuildPhase;
			buildActionMask = 2147483647;
			files = (
			);
			inputPaths = (
			);
			name = "[CP] Check Pods Manifest.lock";
			outputPaths = (
			);
			runOnlyForDeploymentPostprocessing = 0;
			shellPath = /bin/sh;
			shellScript = "diff \"${PODS_ROOT}/../Podfile.lock\" \"${PODS_ROOT}/Manifest.lock\" > /dev/null\nif [ $? != 0 ] ; then\n    # print error to STDERR\n    echo \"error: The sandbox is not in sync with the Podfile.lock. Run 'pod install' or update your CocoaPods installation.\" >&2\n    exit 1\nfi\n";
			showEnvVarsInLog = 0;
		};
/* End PBXShellScriptBuildPhase section */

/* Begin PBXSourcesBuildPhase section */
		F795F0E01E25C167005DD0FF /* Sources */ = {
			isa = PBXSourcesBuildPhase;
			buildActionMask = 2147483647;
			files = (
				F795F1081E267B83005DD0FF /* SigninButton.swift in Sources */,
				F7F19ABD1E27EDA1006EB3B9 /* CircleImageView.swift in Sources */,
				F795F1061E2676D0005DD0FF /* FancyField.swift in Sources */,
				F795F0EA1E25C167005DD0FF /* SignInVC.swift in Sources */,
				F795F1041E2674E5005DD0FF /* RoundButton.swift in Sources */,
				F7F19ABB1E27CD06006EB3B9 /* FeedVC.swift in Sources */,
				F795F0E81E25C167005DD0FF /* AppDelegate.swift in Sources */,
				F795F0FF1E266F21005DD0FF /* FancyView.swift in Sources */,
				F795F1021E2672F8005DD0FF /* Constants.swift in Sources */,
			);
			runOnlyForDeploymentPostprocessing = 0;
		};
/* End PBXSourcesBuildPhase section */

/* Begin PBXVariantGroup section */
		F795F0EB1E25C167005DD0FF /* Main.storyboard */ = {
			isa = PBXVariantGroup;
			children = (
				F795F0EC1E25C167005DD0FF /* Base */,
			);
			name = Main.storyboard;
			sourceTree = "<group>";
		};
		F795F0F01E25C167005DD0FF /* LaunchScreen.storyboard */ = {
			isa = PBXVariantGroup;
			children = (
				F795F0F11E25C167005DD0FF /* Base */,
			);
			name = LaunchScreen.storyboard;
			sourceTree = "<group>";
		};
/* End PBXVariantGroup section */

/* Begin XCBuildConfiguration section */
		F795F0F41E25C167005DD0FF /* Debug */ = {
			isa = XCBuildConfiguration;
			buildSettings = {
				ALWAYS_SEARCH_USER_PATHS = NO;
				CLANG_ANALYZER_NONNULL = YES;
				CLANG_CXX_LANGUAGE_STANDARD = "gnu++0x";
				CLANG_CXX_LIBRARY = "libc++";
				CLANG_ENABLE_MODULES = YES;
				CLANG_ENABLE_OBJC_ARC = YES;
				CLANG_WARN_BOOL_CONVERSION = YES;
				CLANG_WARN_CONSTANT_CONVERSION = YES;
				CLANG_WARN_DIRECT_OBJC_ISA_USAGE = YES_ERROR;
				CLANG_WARN_DOCUMENTATION_COMMENTS = YES;
				CLANG_WARN_EMPTY_BODY = YES;
				CLANG_WARN_ENUM_CONVERSION = YES;
				CLANG_WARN_INFINITE_RECURSION = YES;
				CLANG_WARN_INT_CONVERSION = YES;
				CLANG_WARN_OBJC_ROOT_CLASS = YES_ERROR;
				CLANG_WARN_SUSPICIOUS_MOVE = YES;
				CLANG_WARN_UNREACHABLE_CODE = YES;
				CLANG_WARN__DUPLICATE_METHOD_MATCH = YES;
				"CODE_SIGN_IDENTITY[sdk=iphoneos*]" = "iPhone Developer";
				COPY_PHASE_STRIP = NO;
				DEBUG_INFORMATION_FORMAT = dwarf;
				ENABLE_STRICT_OBJC_MSGSEND = YES;
				ENABLE_TESTABILITY = YES;
				GCC_C_LANGUAGE_STANDARD = gnu99;
				GCC_DYNAMIC_NO_PIC = NO;
				GCC_NO_COMMON_BLOCKS = YES;
				GCC_OPTIMIZATION_LEVEL = 0;
				GCC_PREPROCESSOR_DEFINITIONS = (
					"DEBUG=1",
					"$(inherited)",
				);
				GCC_WARN_64_TO_32_BIT_CONVERSION = YES;
				GCC_WARN_ABOUT_RETURN_TYPE = YES_ERROR;
				GCC_WARN_UNDECLARED_SELECTOR = YES;
				GCC_WARN_UNINITIALIZED_AUTOS = YES_AGGRESSIVE;
				GCC_WARN_UNUSED_FUNCTION = YES;
				GCC_WARN_UNUSED_VARIABLE = YES;
				IPHONEOS_DEPLOYMENT_TARGET = 10.2;
				MTL_ENABLE_DEBUG_INFO = YES;
				ONLY_ACTIVE_ARCH = YES;
				SDKROOT = iphoneos;
				SWIFT_ACTIVE_COMPILATION_CONDITIONS = DEBUG;
				SWIFT_OPTIMIZATION_LEVEL = "-Onone";
			};
			name = Debug;
		};
		F795F0F51E25C167005DD0FF /* Release */ = {
			isa = XCBuildConfiguration;
			buildSettings = {
				ALWAYS_SEARCH_USER_PATHS = NO;
				CLANG_ANALYZER_NONNULL = YES;
				CLANG_CXX_LANGUAGE_STANDARD = "gnu++0x";
				CLANG_CXX_LIBRARY = "libc++";
				CLANG_ENABLE_MODULES = YES;
				CLANG_ENABLE_OBJC_ARC = YES;
				CLANG_WARN_BOOL_CONVERSION = YES;
				CLANG_WARN_CONSTANT_CONVERSION = YES;
				CLANG_WARN_DIRECT_OBJC_ISA_USAGE = YES_ERROR;
				CLANG_WARN_DOCUMENTATION_COMMENTS = YES;
				CLANG_WARN_EMPTY_BODY = YES;
				CLANG_WARN_ENUM_CONVERSION = YES;
				CLANG_WARN_INFINITE_RECURSION = YES;
				CLANG_WARN_INT_CONVERSION = YES;
				CLANG_WARN_OBJC_ROOT_CLASS = YES_ERROR;
				CLANG_WARN_SUSPICIOUS_MOVE = YES;
				CLANG_WARN_UNREACHABLE_CODE = YES;
				CLANG_WARN__DUPLICATE_METHOD_MATCH = YES;
				"CODE_SIGN_IDENTITY[sdk=iphoneos*]" = "iPhone Developer";
				COPY_PHASE_STRIP = NO;
				DEBUG_INFORMATION_FORMAT = "dwarf-with-dsym";
				ENABLE_NS_ASSERTIONS = NO;
				ENABLE_STRICT_OBJC_MSGSEND = YES;
				GCC_C_LANGUAGE_STANDARD = gnu99;
				GCC_NO_COMMON_BLOCKS = YES;
				GCC_WARN_64_TO_32_BIT_CONVERSION = YES;
				GCC_WARN_ABOUT_RETURN_TYPE = YES_ERROR;
				GCC_WARN_UNDECLARED_SELECTOR = YES;
				GCC_WARN_UNINITIALIZED_AUTOS = YES_AGGRESSIVE;
				GCC_WARN_UNUSED_FUNCTION = YES;
				GCC_WARN_UNUSED_VARIABLE = YES;
				IPHONEOS_DEPLOYMENT_TARGET = 10.2;
				MTL_ENABLE_DEBUG_INFO = NO;
				SDKROOT = iphoneos;
				SWIFT_OPTIMIZATION_LEVEL = "-Owholemodule";
				VALIDATE_PRODUCT = YES;
			};
			name = Release;
		};
		F795F0F71E25C167005DD0FF /* Debug */ = {
			isa = XCBuildConfiguration;
			baseConfigurationReference = 3634BFB388F610262CE2023E /* Pods-Social_Network_Firebase.debug.xcconfig */;
			buildSettings = {
				ASSETCATALOG_COMPILER_APPICON_NAME = AppIcon;
				DEVELOPMENT_TEAM = 45E7KT68K8;
				INFOPLIST_FILE = Social_Network_Firebase/Info.plist;
				LD_RUNPATH_SEARCH_PATHS = "$(inherited) @executable_path/Frameworks";
				PRODUCT_BUNDLE_IDENTIFIER = "domainxh.Social-Network-Firebase";
				PRODUCT_NAME = "$(TARGET_NAME)";
				SWIFT_VERSION = 3.0;
			};
			name = Debug;
		};
		F795F0F81E25C167005DD0FF /* Release */ = {
			isa = XCBuildConfiguration;
			baseConfigurationReference = 23500B434BFA862BB3B6032F /* Pods-Social_Network_Firebase.release.xcconfig */;
			buildSettings = {
				ASSETCATALOG_COMPILER_APPICON_NAME = AppIcon;
				DEVELOPMENT_TEAM = 45E7KT68K8;
				INFOPLIST_FILE = Social_Network_Firebase/Info.plist;
				LD_RUNPATH_SEARCH_PATHS = "$(inherited) @executable_path/Frameworks";
				PRODUCT_BUNDLE_IDENTIFIER = "domainxh.Social-Network-Firebase";
				PRODUCT_NAME = "$(TARGET_NAME)";
				SWIFT_VERSION = 3.0;
			};
			name = Release;
		};
/* End XCBuildConfiguration section */

/* Begin XCConfigurationList section */
		F795F0DF1E25C167005DD0FF /* Build configuration list for PBXProject "Social_Network_Firebase" */ = {
			isa = XCConfigurationList;
			buildConfigurations = (
				F795F0F41E25C167005DD0FF /* Debug */,
				F795F0F51E25C167005DD0FF /* Release */,
			);
			defaultConfigurationIsVisible = 0;
			defaultConfigurationName = Release;
		};
		F795F0F61E25C167005DD0FF /* Build configuration list for PBXNativeTarget "Social_Network_Firebase" */ = {
			isa = XCConfigurationList;
			buildConfigurations = (
				F795F0F71E25C167005DD0FF /* Debug */,
				F795F0F81E25C167005DD0FF /* Release */,
			);
			defaultConfigurationIsVisible = 0;
			defaultConfigurationName = Release;
		};
/* End XCConfigurationList section */
	};
	rootObject = F795F0DC1E25C167005DD0FF /* Project object */;
}
